// !$*UTF8*$!
{
	archiveVersion = 1;
	classes = {
	};
	objectVersion = 46;
	objects = {

/* Begin PBXBuildFile section */
		2587E0CD1F2F6EF4009FF5BD /* Cartfile in Resources */ = {isa = PBXBuildFile; fileRef = 2587E0CC1F2F6EF4009FF5BD /* Cartfile */; };
		259CB7401ECCBF5700775FD5 /* AppDelegate.swift in Sources */ = {isa = PBXBuildFile; fileRef = 259CB73F1ECCBF5700775FD5 /* AppDelegate.swift */; };
		259CB7421ECCBF5700775FD5 /* ViewController.swift in Sources */ = {isa = PBXBuildFile; fileRef = 259CB7411ECCBF5700775FD5 /* ViewController.swift */; };
		259CB7451ECCBF5700775FD5 /* Main.storyboard in Resources */ = {isa = PBXBuildFile; fileRef = 259CB7431ECCBF5700775FD5 /* Main.storyboard */; };
		259CB7471ECCBF5700775FD5 /* Assets.xcassets in Resources */ = {isa = PBXBuildFile; fileRef = 259CB7461ECCBF5700775FD5 /* Assets.xcassets */; };
		259CB74A1ECCBF5700775FD5 /* LaunchScreen.storyboard in Resources */ = {isa = PBXBuildFile; fileRef = 259CB7481ECCBF5700775FD5 /* LaunchScreen.storyboard */; };
		259CB7571ECCC26D00775FD5 /* RoomState.swift in Sources */ = {isa = PBXBuildFile; fileRef = 259CB7561ECCC26D00775FD5 /* RoomState.swift */; };
		259CB7591ECCC29F00775FD5 /* RoomPresenter.swift in Sources */ = {isa = PBXBuildFile; fileRef = 259CB7581ECCC29F00775FD5 /* RoomPresenter.swift */; };
		259CB75B1ECCC2DE00775FD5 /* RoomCommand.swift in Sources */ = {isa = PBXBuildFile; fileRef = 259CB75A1ECCC2DE00775FD5 /* RoomCommand.swift */; };
/* End PBXBuildFile section */

/* Begin PBXFileReference section */
		2587E0CC1F2F6EF4009FF5BD /* Cartfile */ = {isa = PBXFileReference; fileEncoding = 4; lastKnownFileType = text; path = Cartfile; sourceTree = "<group>"; };
		259CB73C1ECCBF5700775FD5 /* DoorGateDemo.app */ = {isa = PBXFileReference; explicitFileType = wrapper.application; includeInIndex = 0; path = DoorGateDemo.app; sourceTree = BUILT_PRODUCTS_DIR; };
		259CB73F1ECCBF5700775FD5 /* AppDelegate.swift */ = {isa = PBXFileReference; lastKnownFileType = sourcecode.swift; path = AppDelegate.swift; sourceTree = "<group>"; };
		259CB7411ECCBF5700775FD5 /* ViewController.swift */ = {isa = PBXFileReference; lastKnownFileType = sourcecode.swift; path = ViewController.swift; sourceTree = "<group>"; };
		259CB7441ECCBF5700775FD5 /* Base */ = {isa = PBXFileReference; lastKnownFileType = file.storyboard; name = Base; path = Base.lproj/Main.storyboard; sourceTree = "<group>"; };
		259CB7461ECCBF5700775FD5 /* Assets.xcassets */ = {isa = PBXFileReference; lastKnownFileType = folder.assetcatalog; path = Assets.xcassets; sourceTree = "<group>"; };
		259CB7491ECCBF5700775FD5 /* Base */ = {isa = PBXFileReference; lastKnownFileType = file.storyboard; name = Base; path = Base.lproj/LaunchScreen.storyboard; sourceTree = "<group>"; };
		259CB74B1ECCBF5700775FD5 /* Info.plist */ = {isa = PBXFileReference; lastKnownFileType = text.plist.xml; path = Info.plist; sourceTree = "<group>"; };
		259CB7561ECCC26D00775FD5 /* RoomState.swift */ = {isa = PBXFileReference; fileEncoding = 4; lastKnownFileType = sourcecode.swift; path = RoomState.swift; sourceTree = "<group>"; };
		259CB7581ECCC29F00775FD5 /* RoomPresenter.swift */ = {isa = PBXFileReference; fileEncoding = 4; lastKnownFileType = sourcecode.swift; path = RoomPresenter.swift; sourceTree = "<group>"; };
		259CB75A1ECCC2DE00775FD5 /* RoomCommand.swift */ = {isa = PBXFileReference; fileEncoding = 4; lastKnownFileType = sourcecode.swift; path = RoomCommand.swift; sourceTree = "<group>"; };
/* End PBXFileReference section */

/* Begin PBXFrameworksBuildPhase section */
		259CB7391ECCBF5700775FD5 /* Frameworks */ = {
			isa = PBXFrameworksBuildPhase;
			buildActionMask = 2147483647;
			files = (
			);
			runOnlyForDeploymentPostprocessing = 0;
		};
/* End PBXFrameworksBuildPhase section */

/* Begin PBXGroup section */
		259CB7331ECCBF5700775FD5 = {
			isa = PBXGroup;
			children = (
				2587E0CC1F2F6EF4009FF5BD /* Cartfile */,
				259CB73E1ECCBF5700775FD5 /* DoorGateDemo */,
				259CB73D1ECCBF5700775FD5 /* Products */,
				259CB7511ECCC00F00775FD5 /* Frameworks */,
			);
			sourceTree = "<group>";
		};
		259CB73D1ECCBF5700775FD5 /* Products */ = {
			isa = PBXGroup;
			children = (
				259CB73C1ECCBF5700775FD5 /* DoorGateDemo.app */,
			);
			name = Products;
			sourceTree = "<group>";
		};
		259CB73E1ECCBF5700775FD5 /* DoorGateDemo */ = {
			isa = PBXGroup;
			children = (
				259CB73F1ECCBF5700775FD5 /* AppDelegate.swift */,
				259CB7411ECCBF5700775FD5 /* ViewController.swift */,
				259CB7431ECCBF5700775FD5 /* Main.storyboard */,
				259CB7461ECCBF5700775FD5 /* Assets.xcassets */,
				259CB7481ECCBF5700775FD5 /* LaunchScreen.storyboard */,
				259CB74B1ECCBF5700775FD5 /* Info.plist */,
				259CB7561ECCC26D00775FD5 /* RoomState.swift */,
				259CB7581ECCC29F00775FD5 /* RoomPresenter.swift */,
				259CB75A1ECCC2DE00775FD5 /* RoomCommand.swift */,
			);
			path = DoorGateDemo;
			sourceTree = "<group>";
		};
		259CB7511ECCC00F00775FD5 /* Frameworks */ = {
			isa = PBXGroup;
			children = (
			);
			name = Frameworks;
			sourceTree = "<group>";
		};
/* End PBXGroup section */

/* Begin PBXNativeTarget section */
		259CB73B1ECCBF5700775FD5 /* DoorGateDemo */ = {
			isa = PBXNativeTarget;
			buildConfigurationList = 259CB74E1ECCBF5700775FD5 /* Build configuration list for PBXNativeTarget "DoorGateDemo" */;
			buildPhases = (
				259CB7381ECCBF5700775FD5 /* Sources */,
				259CB7391ECCBF5700775FD5 /* Frameworks */,
				259CB73A1ECCBF5700775FD5 /* Resources */,
			);
			buildRules = (
			);
			dependencies = (
			);
			name = DoorGateDemo;
			productName = DoorGateDemo;
			productReference = 259CB73C1ECCBF5700775FD5 /* DoorGateDemo.app */;
			productType = "com.apple.product-type.application";
		};
/* End PBXNativeTarget section */

/* Begin PBXProject section */
		259CB7341ECCBF5700775FD5 /* Project object */ = {
			isa = PBXProject;
			attributes = {
				LastSwiftUpdateCheck = 0830;
				LastUpgradeCheck = 0830;
				ORGANIZATIONNAME = Snagajob;
				TargetAttributes = {
					259CB73B1ECCBF5700775FD5 = {
						CreatedOnToolsVersion = 8.3.2;
						DevelopmentTeam = JZRGG2W4BA;
						ProvisioningStyle = Automatic;
					};
				};
			};
			buildConfigurationList = 259CB7371ECCBF5700775FD5 /* Build configuration list for PBXProject "DoorGateDemo" */;
			compatibilityVersion = "Xcode 3.2";
			developmentRegion = English;
			hasScannedForEncodings = 0;
			knownRegions = (
				en,
				Base,
			);
			mainGroup = 259CB7331ECCBF5700775FD5;
			productRefGroup = 259CB73D1ECCBF5700775FD5 /* Products */;
			projectDirPath = "";
			projectRoot = "";
			targets = (
				259CB73B1ECCBF5700775FD5 /* DoorGateDemo */,
			);
		};
/* End PBXProject section */

/* Begin PBXResourcesBuildPhase section */
		259CB73A1ECCBF5700775FD5 /* Resources */ = {
			isa = PBXResourcesBuildPhase;
			buildActionMask = 2147483647;
			files = (
				259CB74A1ECCBF5700775FD5 /* LaunchScreen.storyboard in Resources */,
				259CB7471ECCBF5700775FD5 /* Assets.xcassets in Resources */,
				2587E0CD1F2F6EF4009FF5BD /* Cartfile in Resources */,
				259CB7451ECCBF5700775FD5 /* Main.storyboard in Resources */,
			);
			runOnlyForDeploymentPostprocessing = 0;
		};
/* End PBXResourcesBuildPhase section */

/* Begin PBXSourcesBuildPhase section */
		259CB7381ECCBF5700775FD5 /* Sources */ = {
			isa = PBXSourcesBuildPhase;
			buildActionMask = 2147483647;
			files = (
				259CB7571ECCC26D00775FD5 /* RoomState.swift in Sources */,
				259CB75B1ECCC2DE00775FD5 /* RoomCommand.swift in Sources */,
				259CB7421ECCBF5700775FD5 /* ViewController.swift in Sources */,
				259CB7401ECCBF5700775FD5 /* AppDelegate.swift in Sources */,
				259CB7591ECCC29F00775FD5 /* RoomPresenter.swift in Sources */,
			);
			runOnlyForDeploymentPostprocessing = 0;
		};
/* End PBXSourcesBuildPhase section */

/* Begin PBXVariantGroup section */
		259CB7431ECCBF5700775FD5 /* Main.storyboard */ = {
			isa = PBXVariantGroup;
			children = (
				259CB7441ECCBF5700775FD5 /* Base */,
			);
			name = Main.storyboard;
			sourceTree = "<group>";
		};
		259CB7481ECCBF5700775FD5 /* LaunchScreen.storyboard */ = {
			isa = PBXVariantGroup;
			children = (
				259CB7491ECCBF5700775FD5 /* Base */,
			);
			name = LaunchScreen.storyboard;
			sourceTree = "<group>";
		};
/* End PBXVariantGroup section */

/* Begin XCBuildConfiguration section */
		259CB74C1ECCBF5700775FD5 /* Debug */ = {
			isa = XCBuildConfiguration;
			buildSettings = {
				ALWAYS_SEARCH_USER_PATHS = NO;
				CLANG_ANALYZER_NONNULL = YES;
				CLANG_ANALYZER_NUMBER_OBJECT_CONVERSION = YES_AGGRESSIVE;
				CLANG_CXX_LANGUAGE_STANDARD = "gnu++0x";
				CLANG_CXX_LIBRARY = "libc++";
				CLANG_ENABLE_MODULES = YES;
				CLANG_ENABLE_OBJC_ARC = YES;
				CLANG_WARN_BOOL_CONVERSION = YES;
				CLANG_WARN_CONSTANT_CONVERSION = YES;
				CLANG_WARN_DIRECT_OBJC_ISA_USAGE = YES_ERROR;
				CLANG_WARN_DOCUMENTATION_COMMENTS = YES;
				CLANG_WARN_EMPTY_BODY = YES;
				CLANG_WARN_ENUM_CONVERSION = YES;
				CLANG_WARN_INFINITE_RECURSION = YES;
				CLANG_WARN_INT_CONVERSION = YES;
				CLANG_WARN_OBJC_ROOT_CLASS = YES_ERROR;
				CLANG_WARN_SUSPICIOUS_MOVE = YES;
				CLANG_WARN_UNREACHABLE_CODE = YES;
				CLANG_WARN__DUPLICATE_METHOD_MATCH = YES;
				"CODE_SIGN_IDENTITY[sdk=iphoneos*]" = "iPhone Developer";
				COPY_PHASE_STRIP = NO;
				DEBUG_INFORMATION_FORMAT = dwarf;
				ENABLE_STRICT_OBJC_MSGSEND = YES;
				ENABLE_TESTABILITY = YES;
				GCC_C_LANGUAGE_STANDARD = gnu99;
				GCC_DYNAMIC_NO_PIC = NO;
				GCC_NO_COMMON_BLOCKS = YES;
				GCC_OPTIMIZATION_LEVEL = 0;
				GCC_PREPROCESSOR_DEFINITIONS = (
					"DEBUG=1",
					"$(inherited)",
				);
				GCC_WARN_64_TO_32_BIT_CONVERSION = YES;
				GCC_WARN_ABOUT_RETURN_TYPE = YES_ERROR;
				GCC_WARN_UNDECLARED_SELECTOR = YES;
				GCC_WARN_UNINITIALIZED_AUTOS = YES_AGGRESSIVE;
				GCC_WARN_UNUSED_FUNCTION = YES;
				GCC_WARN_UNUSED_VARIABLE = YES;
				IPHONEOS_DEPLOYMENT_TARGET = 10.3;
				MTL_ENABLE_DEBUG_INFO = YES;
				ONLY_ACTIVE_ARCH = YES;
				SDKROOT = iphoneos;
				SWIFT_ACTIVE_COMPILATION_CONDITIONS = DEBUG;
				SWIFT_OPTIMIZATION_LEVEL = "-Onone";
			};
			name = Debug;
		};
		259CB74D1ECCBF5700775FD5 /* Release */ = {
			isa = XCBuildConfiguration;
			buildSettings = {
				ALWAYS_SEARCH_USER_PATHS = NO;
				CLANG_ANALYZER_NONNULL = YES;
				CLANG_ANALYZER_NUMBER_OBJECT_CONVERSION = YES_AGGRESSIVE;
				CLANG_CXX_LANGUAGE_STANDARD = "gnu++0x";
				CLANG_CXX_LIBRARY = "libc++";
				CLANG_ENABLE_MODULES = YES;
				CLANG_ENABLE_OBJC_ARC = YES;
				CLANG_WARN_BOOL_CONVERSION = YES;
				CLANG_WARN_CONSTANT_CONVERSION = YES;
				CLANG_WARN_DIRECT_OBJC_ISA_USAGE = YES_ERROR;
				CLANG_WARN_DOCUMENTATION_COMMENTS = YES;
				CLANG_WARN_EMPTY_BODY = YES;
				CLANG_WARN_ENUM_CONVERSION = YES;
				CLANG_WARN_INFINITE_RECURSION = YES;
				CLANG_WARN_INT_CONVERSION = YES;
				CLANG_WARN_OBJC_ROOT_CLASS = YES_ERROR;
				CLANG_WARN_SUSPICIOUS_MOVE = YES;
				CLANG_WARN_UNREACHABLE_CODE = YES;
				CLANG_WARN__DUPLICATE_METHOD_MATCH = YES;
				"CODE_SIGN_IDENTITY[sdk=iphoneos*]" = "iPhone Developer";
				COPY_PHASE_STRIP = NO;
				DEBUG_INFORMATION_FORMAT = "dwarf-with-dsym";
				ENABLE_NS_ASSERTIONS = NO;
				ENABLE_STRICT_OBJC_MSGSEND = YES;
				GCC_C_LANGUAGE_STANDARD = gnu99;
				GCC_NO_COMMON_BLOCKS = YES;
				GCC_WARN_64_TO_32_BIT_CONVERSION = YES;
				GCC_WARN_ABOUT_RETURN_TYPE = YES_ERROR;
				GCC_WARN_UNDECLARED_SELECTOR = YES;
				GCC_WARN_UNINITIALIZED_AUTOS = YES_AGGRESSIVE;
				GCC_WARN_UNUSED_FUNCTION = YES;
				GCC_WARN_UNUSED_VARIABLE = YES;
				IPHONEOS_DEPLOYMENT_TARGET = 10.3;
				MTL_ENABLE_DEBUG_INFO = NO;
				SDKROOT = iphoneos;
				SWIFT_OPTIMIZATION_LEVEL = "-Owholemodule";
				VALIDATE_PRODUCT = YES;
			};
			name = Release;
		};
		259CB74F1ECCBF5700775FD5 /* Debug */ = {
			isa = XCBuildConfiguration;
			buildSettings = {
				ASSETCATALOG_COMPILER_APPICON_NAME = AppIcon;
				DEVELOPMENT_TEAM = JZRGG2W4BA;
				FRAMEWORK_SEARCH_PATHS = (
					"$(inherited)",
					"$(PROJECT_DIR)/Carthage/Build/iOS",
				);
				INFOPLIST_FILE = DoorGateDemo/Info.plist;
				LD_RUNPATH_SEARCH_PATHS = "$(inherited) @executable_path/Frameworks";
				PRODUCT_BUNDLE_IDENTIFIER = com.snagajob.DoorGateDemo;
				PRODUCT_NAME = "$(TARGET_NAME)";
				SWIFT_VERSION = 3.0;
			};
			name = Debug;
		};
		259CB7501ECCBF5700775FD5 /* Release */ = {
			isa = XCBuildConfiguration;
			buildSettings = {
				ASSETCATALOG_COMPILER_APPICON_NAME = AppIcon;
				DEVELOPMENT_TEAM = JZRGG2W4BA;
				FRAMEWORK_SEARCH_PATHS = (
					"$(inherited)",
					"$(PROJECT_DIR)/Carthage/Build/iOS",
				);
				INFOPLIST_FILE = DoorGateDemo/Info.plist;
				LD_RUNPATH_SEARCH_PATHS = "$(inherited) @executable_path/Frameworks";
				PRODUCT_BUNDLE_IDENTIFIER = com.snagajob.DoorGateDemo;
				PRODUCT_NAME = "$(TARGET_NAME)";
				SWIFT_VERSION = 3.0;
			};
			name = Release;
		};
/* End XCBuildConfiguration section */

/* Begin XCConfigurationList section */
		259CB7371ECCBF5700775FD5 /* Build configuration list for PBXProject "DoorGateDemo" */ = {
			isa = XCConfigurationList;
			buildConfigurations = (
				259CB74C1ECCBF5700775FD5 /* Debug */,
				259CB74D1ECCBF5700775FD5 /* Release */,
			);
			defaultConfigurationIsVisible = 0;
			defaultConfigurationName = Release;
		};
		259CB74E1ECCBF5700775FD5 /* Build configuration list for PBXNativeTarget "DoorGateDemo" */ = {
			isa = XCConfigurationList;
			buildConfigurations = (
				259CB74F1ECCBF5700775FD5 /* Debug */,
				259CB7501ECCBF5700775FD5 /* Release */,
			);
			defaultConfigurationIsVisible = 0;
			defaultConfigurationName = Release;
		};
/* End XCConfigurationList section */
	};
	rootObject = 259CB7341ECCBF5700775FD5 /* Project object */;
}
